
Microsoft Visual Studio Solution File, Format Version 12.00
# Visual Studio Version 17
VisualStudioVersion = 17.1.32414.318
MinimumVisualStudioVersion = 10.0.40219.1
Project("{FAE04EC0-301F-11D3-BF4B-00C04F79EFBC}") = "ControlUsuarios", "ControlUsuarios\ControlUsuarios.csproj", "{912B7966-2041-4566-B112-A8510B1AEABC}"
EndProject
Project("{2150E333-8FDC-42A3-9474-1A3956D46DE8}") = "1.- API", "1.- API", "{D28256D1-8E92-42DE-AA16-77664FF89F5B}"
EndProject
Project("{2150E333-8FDC-42A3-9474-1A3956D46DE8}") = "2.- NEGOCIOS", "2.- NEGOCIOS", "{B921E112-615E-40BB-A73B-B52A0F6F0EB2}"
EndProject
Project("{2150E333-8FDC-42A3-9474-1A3956D46DE8}") = "3.- ACCESO DATOS", "3.- ACCESO DATOS", "{4DC3993E-9B86-45EB-9258-726A00BB4A95}"
EndProject
Project("{2150E333-8FDC-42A3-9474-1A3956D46DE8}") = "4.- ENTIDADES", "4.- ENTIDADES", "{BA3F4029-E020-478B-BDF4-452B4C2EDE63}"
EndProject
Project("{2150E333-8FDC-42A3-9474-1A3956D46DE8}") = "5.- MIDDLEWARE", "5.- MIDDLEWARE", "{51EDF798-7D4F-4320-AB72-7760939B1A39}"
EndProject
Project("{FAE04EC0-301F-11D3-BF4B-00C04F79EFBC}") = "Negocios", "Negocios\Negocios.csproj", "{A96CD6DE-357E-4D41-A7D0-BF9A737618DE}"
EndProject
Project("{FAE04EC0-301F-11D3-BF4B-00C04F79EFBC}") = "AccesoDatos", "AccesoDatos\AccesoDatos.csproj", "{6EF4D543-325D-4729-BD2F-C007056FD885}"
EndProject
Project("{FAE04EC0-301F-11D3-BF4B-00C04F79EFBC}") = "Entidades", "Entidades\Entidades.csproj", "{2BC67428-08D9-4C9F-8AF6-30896B571C23}"
EndProject
Project("{FAE04EC0-301F-11D3-BF4B-00C04F79EFBC}") = "Middleware", "Middleware\Middleware.csproj", "{EA26D4F8-605A-4DDF-848B-AE58C75ED4D4}"
EndProject
Global
	GlobalSection(SolutionConfigurationPlatforms) = preSolution
		Debug|Any CPU = Debug|Any CPU
		Release|Any CPU = Release|Any CPU
	EndGlobalSection
	GlobalSection(ProjectConfigurationPlatforms) = postSolution
		{912B7966-2041-4566-B112-A8510B1AEABC}.Debug|Any CPU.ActiveCfg = Debug|Any CPU
		{912B7966-2041-4566-B112-A8510B1AEABC}.Debug|Any CPU.Build.0 = Debug|Any CPU
		{912B7966-2041-4566-B112-A8510B1AEABC}.Release|Any CPU.ActiveCfg = Release|Any CPU
		{912B7966-2041-4566-B112-A8510B1AEABC}.Release|Any CPU.Build.0 = Release|Any CPU
		{A96CD6DE-357E-4D41-A7D0-BF9A737618DE}.Debug|Any CPU.ActiveCfg = Debug|Any CPU
		{A96CD6DE-357E-4D41-A7D0-BF9A737618DE}.Debug|Any CPU.Build.0 = Debug|Any CPU
		{A96CD6DE-357E-4D41-A7D0-BF9A737618DE}.Release|Any CPU.ActiveCfg = Release|Any CPU
		{A96CD6DE-357E-4D41-A7D0-BF9A737618DE}.Release|Any CPU.Build.0 = Release|Any CPU
		{6EF4D543-325D-4729-BD2F-C007056FD885}.Debug|Any CPU.ActiveCfg = Debug|Any CPU
		{6EF4D543-325D-4729-BD2F-C007056FD885}.Debug|Any CPU.Build.0 = Debug|Any CPU
		{6EF4D543-325D-4729-BD2F-C007056FD885}.Release|Any CPU.ActiveCfg = Release|Any CPU
		{6EF4D543-325D-4729-BD2F-C007056FD885}.Release|Any CPU.Build.0 = Release|Any CPU
		{2BC67428-08D9-4C9F-8AF6-30896B571C23}.Debug|Any CPU.ActiveCfg = Debug|Any CPU
		{2BC67428-08D9-4C9F-8AF6-30896B571C23}.Debug|Any CPU.Build.0 = Debug|Any CPU
		{2BC67428-08D9-4C9F-8AF6-30896B571C23}.Release|Any CPU.ActiveCfg = Release|Any CPU
		{2BC67428-08D9-4C9F-8AF6-30896B571C23}.Release|Any CPU.Build.0 = Release|Any CPU
		{EA26D4F8-605A-4DDF-848B-AE58C75ED4D4}.Debug|Any CPU.ActiveCfg = Debug|Any CPU
		{EA26D4F8-605A-4DDF-848B-AE58C75ED4D4}.Debug|Any CPU.Build.0 = Debug|Any CPU
		{EA26D4F8-605A-4DDF-848B-AE58C75ED4D4}.Release|Any CPU.ActiveCfg = Release|Any CPU
		{EA26D4F8-605A-4DDF-848B-AE58C75ED4D4}.Release|Any CPU.Build.0 = Release|Any CPU
	EndGlobalSection
	GlobalSection(SolutionProperties) = preSolution
		HideSolutionNode = FALSE
	EndGlobalSection
	GlobalSection(NestedProjects) = preSolution
		{912B7966-2041-4566-B112-A8510B1AEABC} = {D28256D1-8E92-42DE-AA16-77664FF89F5B}
		{A96CD6DE-357E-4D41-A7D0-BF9A737618DE} = {B921E112-615E-40BB-A73B-B52A0F6F0EB2}
		{6EF4D543-325D-4729-BD2F-C007056FD885} = {4DC3993E-9B86-45EB-9258-726A00BB4A95}
		{2BC67428-08D9-4C9F-8AF6-30896B571C23} = {BA3F4029-E020-478B-BDF4-452B4C2EDE63}
		{EA26D4F8-605A-4DDF-848B-AE58C75ED4D4} = {51EDF798-7D4F-4320-AB72-7760939B1A39}
	EndGlobalSection
	GlobalSection(ExtensibilityGlobals) = postSolution
		SolutionGuid = {7B212A41-584A-404F-B89D-11E1C89B5F10}
	EndGlobalSection
EndGlobal
